
Microsoft Visual Studio Solution File, Format Version 11.00
# Visual Studio 2010
Project("{FAE04EC0-301F-11D3-BF4B-00C04F79EFBC}") = "WindowsFormsApplication3", "WindowsFormsApplication3\WindowsFormsApplication3.csproj", "{3438134C-2207-4141-B50D-33E0AAE35814}"
EndProject
Global
	GlobalSection(SolutionConfigurationPlatforms) = preSolution
		Debug|x86 = Debug|x86
		Release|x86 = Release|x86
	EndGlobalSection
	GlobalSection(ProjectConfigurationPlatforms) = postSolution
		{3438134C-2207-4141-B50D-33E0AAE35814}.Debug|x86.ActiveCfg = Debug|x86
		{3438134C-2207-4141-B50D-33E0AAE35814}.Debug|x86.Build.0 = Debug|x86
		{3438134C-2207-4141-B50D-33E0AAE35814}.Release|x86.ActiveCfg = Release|x86
		{3438134C-2207-4141-B50D-33E0AAE35814}.Release|x86.Build.0 = Release|x86
	EndGlobalSection
	GlobalSection(SolutionProperties) = preSolution
		HideSolutionNode = FALSE
	EndGlobalSection
EndGlobal
