
Microsoft Visual Studio Solution File, Format Version 11.00
# Visual Studio 2010
Project("{FAE04EC0-301F-11D3-BF4B-00C04F79EFBC}") = "WindowsFormsApplication2", "WindowsFormsApplication2\WindowsFormsApplication2.csproj", "{159B532B-C878-470A-B500-D9F7CD359015}"
EndProject
Global
	GlobalSection(SolutionConfigurationPlatforms) = preSolution
		Debug|x86 = Debug|x86
		Release|x86 = Release|x86
	EndGlobalSection
	GlobalSection(ProjectConfigurationPlatforms) = postSolution
		{159B532B-C878-470A-B500-D9F7CD359015}.Debug|x86.ActiveCfg = Debug|x86
		{159B532B-C878-470A-B500-D9F7CD359015}.Debug|x86.Build.0 = Debug|x86
		{159B532B-C878-470A-B500-D9F7CD359015}.Release|x86.ActiveCfg = Release|x86
		{159B532B-C878-470A-B500-D9F7CD359015}.Release|x86.Build.0 = Release|x86
	EndGlobalSection
	GlobalSection(SolutionProperties) = preSolution
		HideSolutionNode = FALSE
	EndGlobalSection
EndGlobal
